
Microsoft Visual Studio Solution File, Format Version 12.00
# Visual Studio Version 17
VisualStudioVersion = 17.3.32929.385
MinimumVisualStudioVersion = 10.0.40219.1
Project("{9A19103F-16F7-4668-BE54-9A1E7A4F7556}") = "Pantallas", "Pantallas\Pantallas.csproj", "{EB05C31D-1330-480E-82A7-1E1D8A0DE5BB}"
EndProject
Project("{9A19103F-16F7-4668-BE54-9A1E7A4F7556}") = "LibClases", "LibClases\LibClases.csproj", "{01842463-A1C3-4308-8266-A7C93B3FE82B}"
EndProject
Project("{9A19103F-16F7-4668-BE54-9A1E7A4F7556}") = "LibClases_Test", "LibClases_Test\LibClases_Test.csproj", "{DEC0600B-4F32-4CC7-A375-3ABDC49768B6}"
EndProject
Global
	GlobalSection(SolutionConfigurationPlatforms) = preSolution
		Debug|Any CPU = Debug|Any CPU
		Release|Any CPU = Release|Any CPU
	EndGlobalSection
	GlobalSection(ProjectConfigurationPlatforms) = postSolution
		{EB05C31D-1330-480E-82A7-1E1D8A0DE5BB}.Debug|Any CPU.ActiveCfg = Debug|Any CPU
		{EB05C31D-1330-480E-82A7-1E1D8A0DE5BB}.Debug|Any CPU.Build.0 = Debug|Any CPU
		{EB05C31D-1330-480E-82A7-1E1D8A0DE5BB}.Release|Any CPU.ActiveCfg = Release|Any CPU
		{EB05C31D-1330-480E-82A7-1E1D8A0DE5BB}.Release|Any CPU.Build.0 = Release|Any CPU
		{01842463-A1C3-4308-8266-A7C93B3FE82B}.Debug|Any CPU.ActiveCfg = Debug|Any CPU
		{01842463-A1C3-4308-8266-A7C93B3FE82B}.Debug|Any CPU.Build.0 = Debug|Any CPU
		{01842463-A1C3-4308-8266-A7C93B3FE82B}.Release|Any CPU.ActiveCfg = Release|Any CPU
		{01842463-A1C3-4308-8266-A7C93B3FE82B}.Release|Any CPU.Build.0 = Release|Any CPU
		{DEC0600B-4F32-4CC7-A375-3ABDC49768B6}.Debug|Any CPU.ActiveCfg = Debug|Any CPU
		{DEC0600B-4F32-4CC7-A375-3ABDC49768B6}.Debug|Any CPU.Build.0 = Debug|Any CPU
		{DEC0600B-4F32-4CC7-A375-3ABDC49768B6}.Release|Any CPU.ActiveCfg = Release|Any CPU
		{DEC0600B-4F32-4CC7-A375-3ABDC49768B6}.Release|Any CPU.Build.0 = Release|Any CPU
	EndGlobalSection
	GlobalSection(SolutionProperties) = preSolution
		HideSolutionNode = FALSE
	EndGlobalSection
	GlobalSection(ExtensibilityGlobals) = postSolution
		SolutionGuid = {6699EA99-8AC5-42E3-917B-3F47D8D74DA6}
	EndGlobalSection
EndGlobal
